# generated by rye
# use `rye lock` or `rye sync` to update this lockfile
#
# last locked with the following flags:
#   pre: false
#   features: []
#   all-features: false
#   with-sources: false

-e file:.
-e file:app/lambda-app
    # via lex-lambda
-e file:app/lex-bot
    # via lambda-app
    # via lex-lambda
annotated-types==0.6.0
    # via pydantic
attrs==23.2.0
    # via cattrs
    # via jsii
aws-cdk-asset-awscli-v1==2.2.202
    # via aws-cdk-lib
aws-cdk-asset-kubectl-v20==2.1.2
    # via aws-cdk-lib
aws-cdk-asset-node-proxy-agent-v6==2.0.3
    # via aws-cdk-lib
aws-cdk-lib==2.137.0
    # via lex-lambda
aws-lambda-powertools==2.36.0
    # via lambda-app
boto3==1.34.88
boto3-stubs==1.34.88
botocore==1.34.88
    # via boto3
    # via s3transfer
botocore-stubs==1.34.69
    # via boto3-stubs
cattrs==23.2.3
    # via jsii
constructs==10.3.0
    # via aws-cdk-lib
importlib-resources==6.4.0
    # via jsii
iniconfig==2.0.0
    # via pytest
jmespath==1.0.1
    # via boto3
    # via botocore
jsii==1.97.0
    # via aws-cdk-asset-awscli-v1
    # via aws-cdk-asset-kubectl-v20
    # via aws-cdk-asset-node-proxy-agent-v6
    # via aws-cdk-lib
    # via constructs
mypy-boto3-kendra==1.34.69
    # via boto3-stubs
mypy-boto3-logs==1.34.66
    # via boto3-stubs
packaging==24.0
    # via pytest
pluggy==1.4.0
    # via pytest
publication==0.0.3
    # via aws-cdk-asset-awscli-v1
    # via aws-cdk-asset-kubectl-v20
    # via aws-cdk-asset-node-proxy-agent-v6
    # via aws-cdk-lib
    # via constructs
    # via jsii
pydantic==2.7.0
    # via lambda-app
    # via lex-bot
pydantic-core==2.18.1
    # via pydantic
pytest==8.1.1
python-dateutil==2.9.0.post0
    # via botocore
    # via jsii
s3transfer==0.10.1
    # via boto3
six==1.16.0
    # via python-dateutil
typeguard==2.13.3
    # via aws-cdk-asset-awscli-v1
    # via aws-cdk-asset-kubectl-v20
    # via aws-cdk-asset-node-proxy-agent-v6
    # via aws-cdk-lib
    # via constructs
    # via jsii
types-awscrt==0.20.5
    # via botocore-stubs
types-s3transfer==0.10.0
    # via boto3-stubs
typing-extensions==4.11.0
    # via aws-lambda-powertools
    # via jsii
    # via pydantic
    # via pydantic-core
urllib3==2.2.1
    # via botocore
